
Microsoft Visual Studio Solution File, Format Version 12.00
# Visual Studio Version 16
VisualStudioVersion = 16.0.31515.178
MinimumVisualStudioVersion = 10.0.40219.1
Project("{FAE04EC0-301F-11D3-BF4B-00C04F79EFBC}") = "Programmeringstermer", "Programmeringstermer\Programmeringstermer.csproj", "{9F5F0CC2-82E8-4DF6-858D-D17BB2AE89E1}"
EndProject
Global
	GlobalSection(SolutionConfigurationPlatforms) = preSolution
		Debug|Any CPU = Debug|Any CPU
		Release|Any CPU = Release|Any CPU
	EndGlobalSection
	GlobalSection(ProjectConfigurationPlatforms) = postSolution
		{9F5F0CC2-82E8-4DF6-858D-D17BB2AE89E1}.Debug|Any CPU.ActiveCfg = Debug|Any CPU
		{9F5F0CC2-82E8-4DF6-858D-D17BB2AE89E1}.Debug|Any CPU.Build.0 = Debug|Any CPU
		{9F5F0CC2-82E8-4DF6-858D-D17BB2AE89E1}.Release|Any CPU.ActiveCfg = Release|Any CPU
		{9F5F0CC2-82E8-4DF6-858D-D17BB2AE89E1}.Release|Any CPU.Build.0 = Release|Any CPU
	EndGlobalSection
	GlobalSection(SolutionProperties) = preSolution
		HideSolutionNode = FALSE
	EndGlobalSection
	GlobalSection(ExtensibilityGlobals) = postSolution
		SolutionGuid = {34FC2396-43A2-40B2-BF5D-949EA04F2485}
	EndGlobalSection
EndGlobal
